{
    "hash": "b6aece7066ae6e4410e4f2ad03b23b98",
    "packages": [
        {
            "name": "geekality/timer",
            "version": "v1.1.1",
            "source": {
                "type": "git",
                "url": "https://github.com/Svish/TimerPHP.git",
                "reference": "v1.1.1"
            },
            "dist": {
                "type": "zip",
                "url": "https://api.github.com/repos/Svish/TimerPHP/zipball/v1.1.1",
                "reference": "v1.1.1",
                "shasum": ""
            },
            "require": {
                "php": ">=5.3.0"
            },
            "type": "library",
            "autoload": {
                "files": [
                    "src/Timer.php"
                ]
            },
            "notification-url": "http://packagist.org/downloads/",
            "license": [
                "CC-BY"
            ],
            "authors": [
                {
                    "name": "Torleif Berger",
                    "email": "torleif@outlook.com",
                    "homepage": "http://www.geekality.net",
                    "role": "Developer"
                }
            ],
            "description": "Simple class for logging time and memory usage of stuff",
            "homepage": "https://github.com/Svish/TimerPHP",
            "keywords": [
                "benchmark",
                "benchmarking",
                "statistics",
                "timer"
            ],
            "time": "2013-04-07 17:49:03"
        },
        {
            "name": "geekality/transposer",
            "version": "v1.4.1",
            "source": {
                "type": "git",
                "url": "https://github.com/Svish/Transposer.git",
                "reference": "v1.4.1"
            },
            "dist": {
                "type": "zip",
                "url": "https://api.github.com/repos/Svish/Transposer/zipball/v1.4.1",
                "reference": "v1.4.1",
                "shasum": ""
            },
            "require": {
                "php": ">=5.3.0"
            },
            "suggest": {
                "geekality/timer": "Tracks time and memory usage while transposing."
            },
            "type": "library",
            "autoload": {
                "psr-0": {
                    "Geekality": "src/"
                }
            },
            "notification-url": "http://packagist.org/downloads/",
            "license": [
                "CC-BY"
            ],
            "authors": [
                {
                    "name": "Torleif Berger",
                    "email": "torleif@outlook.com",
                    "homepage": "http://www.geekality.net",
                    "role": "Developer"
                }
            ],
            "description": "Plain text song parser and chord transposer",
            "homepage": "https://github.com/Svish/Transposer",
            "keywords": [
                "chords",
                "key",
                "music",
                "transpose"
            ],
            "time": "2013-04-28 12:25:18"
        },
        {
            "name": "leafo/lessphp",
            "version": "v0.3.9",
            "source": {
                "type": "git",
                "url": "https://github.com/leafo/lessphp.git",
                "reference": "v0.3.9"
            },
            "dist": {
                "type": "zip",
                "url": "https://api.github.com/repos/leafo/lessphp/zipball/v0.3.9",
                "reference": "v0.3.9",
                "shasum": ""
            },
            "type": "library",
            "extra": {
                "branch-alias": {
                    "dev-master": "0.3-dev"
                }
            },
            "autoload": {
                "classmap": [
                    "lessc.inc.php"
                ]
            },
            "notification-url": "http://packagist.org/downloads/",
            "license": [
                "MIT",
                "GPL-3.0"
            ],
            "authors": [
                {
                    "name": "Leaf Corcoran",
                    "email": "leafot@gmail.com",
                    "homepage": "http://leafo.net"
                }
            ],
            "description": "lessphp is a compiler for LESS written in PHP.",
            "homepage": "http://leafo.net/lessphp/",
            "time": "2013-03-02 16:13:31"
        },
        {
            "name": "mustache/mustache",
            "version": "v2.1.0",
            "source": {
                "type": "git",
                "url": "https://github.com/bobthecow/mustache.php",
                "reference": "v2.1.0"
            },
            "dist": {
                "type": "zip",
                "url": "https://github.com/bobthecow/mustache.php/archive/v2.1.0.zip",
                "reference": "v2.1.0",
                "shasum": ""
            },
            "require": {
                "php": ">=5.2.4"
            },
            "type": "library",
            "autoload": {
                "psr-0": {
                    "Mustache": "src/"
                }
            },
            "notification-url": "http://packagist.org/downloads/",
            "license": [
                "MIT"
            ],
            "authors": [
                {
                    "name": "Justin Hileman",
                    "email": "justin@justinhileman.info",
                    "homepage": "http://justinhileman.com"
                }
            ],
            "description": "A Mustache implementation in PHP.",
            "homepage": "https://github.com/bobthecow/mustache.php",
            "keywords": [
                "mustache",
                "templating"
            ],
            "time": "2013-01-12 07:18:03"
        }
    ],
    "packages-dev": [

    ],
    "aliases": [

    ],
    "minimum-stability": "stable",
    "stability-flags": [

    ],
    "platform": [

    ],
    "platform-dev": [

    ]
}
