{
    "hash": "508e32e02017ba519a2104dbc8a8f913",
    "packages": [
        {
            "name": "geekality/timer",
            "version": "v1.1.1",
            "source": {
                "type": "git",
                "url": "https://github.com/Svish/TimerPHP.git",
                "reference": "v1.1.1"
            },
            "dist": {
                "type": "zip",
                "url": "https://api.github.com/repos/Svish/TimerPHP/zipball/v1.1.1",
                "reference": "v1.1.1",
                "shasum": ""
            },
            "require": {
                "php": ">=5.3.0"
            },
            "type": "library",
            "autoload": {
                "files": [
                    "src/Timer.php"
                ]
            },
            "notification-url": "http://packagist.org/downloads/",
            "license": [
                "CC-BY"
            ],
            "authors": [
                {
                    "name": "Torleif Berger",
                    "email": "torleif@outlook.com",
                    "homepage": "http://www.geekality.net",
                    "role": "Developer"
                }
            ],
            "description": "Simple class for logging time and memory usage of stuff",
            "homepage": "https://github.com/Svish/TimerPHP",
            "keywords": [
                "benchmark",
                "benchmarking",
                "statistics",
                "timer"
            ],
            "time": "2013-04-07 17:49:03"
        },
        {
            "name": "geekality/transposer",
            "version": "v1.3.0",
            "source": {
                "type": "git",
                "url": "https://github.com/Svish/Transposer.git",
                "reference": "v1.3.0"
            },
            "dist": {
                "type": "zip",
                "url": "https://api.github.com/repos/Svish/Transposer/zipball/v1.3.0",
                "reference": "v1.3.0",
                "shasum": ""
            },
            "require": {
                "php": ">=5.3.0"
            },
            "suggest": {
                "geekality/timer": "Tracks time and memory usage while transposing."
            },
            "type": "library",
            "autoload": {
                "psr-0": {
                    "Geekality": "src/"
                }
            },
            "notification-url": "http://packagist.org/downloads/",
            "license": [
                "CC-BY"
            ],
            "authors": [
                {
                    "name": "Torleif Berger",
                    "email": "torleif@outlook.com",
                    "homepage": "http://www.geekality.net",
                    "role": "Developer"
                }
            ],
            "description": "Plain text song parser and chord transposer",
            "homepage": "https://github.com/Svish/Transposer",
            "keywords": [
                "chords",
                "key",
                "music",
                "transpose"
            ],
            "time": "2013-04-10 20:12:03"
        },
        {
            "name": "leafo/lessphp",
            "version": "v0.3.9",
            "source": {
                "type": "git",
                "url": "https://github.com/leafo/lessphp.git",
                "reference": "v0.3.9"
            },
            "dist": {
                "type": "zip",
                "url": "https://api.github.com/repos/leafo/lessphp/zipball/v0.3.9",
                "reference": "v0.3.9",
                "shasum": ""
            },
            "type": "library",
            "extra": {
                "branch-alias": {
                    "dev-master": "0.3-dev"
                }
            },
            "autoload": {
                "classmap": [
                    "lessc.inc.php"
                ]
            },
            "notification-url": "http://packagist.org/downloads/",
            "license": [
                "MIT",
                "GPL-3.0"
            ],
            "authors": [
                {
                    "name": "Leaf Corcoran",
                    "email": "leafot@gmail.com",
                    "homepage": "http://leafo.net"
                }
            ],
            "description": "lessphp is a compiler for LESS written in PHP.",
            "homepage": "http://leafo.net/lessphp/",
            "time": "2013-03-02 16:13:31"
        },
        {
            "name": "mustache/mustache",
            "version": "v2.1.0",
            "source": {
                "type": "git",
                "url": "https://github.com/bobthecow/mustache.php",
                "reference": "v2.1.0"
            },
            "dist": {
                "type": "zip",
                "url": "https://github.com/bobthecow/mustache.php/archive/v2.1.0.zip",
                "reference": "v2.1.0",
                "shasum": ""
            },
            "require": {
                "php": ">=5.2.4"
            },
            "type": "library",
            "autoload": {
                "psr-0": {
                    "Mustache": "src/"
                }
            },
            "notification-url": "http://packagist.org/downloads/",
            "license": [
                "MIT"
            ],
            "authors": [
                {
                    "name": "Justin Hileman",
                    "email": "justin@justinhileman.info",
                    "homepage": "http://justinhileman.com"
                }
            ],
            "description": "A Mustache implementation in PHP.",
            "homepage": "https://github.com/bobthecow/mustache.php",
            "keywords": [
                "mustache",
                "templating"
            ],
            "time": "2013-01-12 07:18:03"
        },
        {
            "name": "torophp/torophp",
            "version": "dev-master",
            "source": {
                "type": "git",
                "url": "git://github.com/Svish/ToroPHP.git",
                "reference": "cf91902ba62319746855ec36940ac8463c43f135"
            },
            "require": {
                "php": ">=5.3.0"
            },
            "type": "library",
            "autoload": {
                "files": [
                    "src/Toro.php"
                ]
            },
            "license": [
                "MIT"
            ],
            "authors": [
                {
                    "name": "Kunal Anand",
                    "email": "kunal.r.anand@gmail.com",
                    "homepage": "http://kunalanand.com/",
                    "role": "Developer"
                },
                {
                    "name": "Danillo César de O. Melo",
                    "email": "danillos@gmail.com",
                    "homepage": "http://www.danillocesar.com.br/",
                    "role": "Contributor"
                },
                {
                    "name": "Martin Bean",
                    "email": "martin@martinbean.co.uk",
                    "homepage": "http://www.martinbean.co.uk",
                    "role": "Developer"
                },
                {
                    "name": "Robbie Coleman",
                    "homepage": "http://robbie.robnrob.com",
                    "role": "Contributor"
                },
                {
                    "name": "John Kurkowski",
                    "role": "Contributor"
                },
                {
                    "name": "Berker Peksag",
                    "homepage": "http://berkerpeksag.com",
                    "role": "Developer"
                },
                {
                    "name": "Jason Mooberry",
                    "homepage": "http://jasonmooberry.com/",
                    "role": "Developer"
                }
            ],
            "description": "Toro is a PHP router for developing RESTful web applications and APIs.",
            "homepage": "http://github.com/anandkunal/ToroPHP",
            "keywords": [
                "framework",
                "php",
                "router"
            ],
            "time": "2013-03-05 20:34:55"
        }
    ],
    "packages-dev": [

    ],
    "aliases": [

    ],
    "minimum-stability": "stable",
    "stability-flags": {
        "torophp/torophp": 20
    },
    "platform": [

    ],
    "platform-dev": [

    ]
}
