{
    "_readme": [
        "This file locks the dependencies of your project to a known state",
        "Read more about it at http://getcomposer.org/doc/01-basic-usage.md#composer-lock-the-lock-file"
    ],
    "hash": "01e2e70a1fcd767f0fc56537a9dfa8b2",
    "packages": [
        {
            "name": "bitworking/mimeparse",
            "version": "2.0.0",
            "source": {
                "type": "git",
                "url": "https://github.com/ramsey/mimeparse",
                "reference": "2.0.0"
            },
            "dist": {
                "type": "zip",
                "url": "https://github.com/ramsey/mimeparse/zipball/2.0.0",
                "reference": "2.0.0",
                "shasum": ""
            },
            "require": {
                "php": ">=5.3.3"
            },
            "type": "library",
            "autoload": {
                "psr-0": {
                    "Bitworking": "src/"
                }
            },
            "notification-url": "https://packagist.org/downloads/",
            "license": [
                "MIT"
            ],
            "authors": [
                {
                    "name": "Joe Gregorio",
                    "homepage": "http://bitworking.org"
                },
                {
                    "name": "Andrew \"Venom\" K."
                },
                {
                    "name": "Ben Ramsey",
                    "homepage": "http://benramsey.com"
                }
            ],
            "description": "Basic functions for handling mime-types, forked from Joe Gregorio's mimeparse library <http://code.google.com/p/mimeparse/>.",
            "homepage": "http://code.google.com/p/mimeparse/",
            "keywords": [
                "accept",
                "http",
                "mime"
            ],
            "time": "2012-09-18 09:55:34"
        },
        {
            "name": "geekality/timer",
            "version": "v1.2",
            "source": {
                "type": "git",
                "url": "https://github.com/Svish/TimerPHP.git",
                "reference": "v1.2"
            },
            "dist": {
                "type": "zip",
                "url": "https://api.github.com/repos/Svish/TimerPHP/zipball/v1.2",
                "reference": "v1.2",
                "shasum": ""
            },
            "require": {
                "php": ">=5.3.0"
            },
            "type": "library",
            "autoload": {
                "files": [
                    "src/Timer.php"
                ]
            },
            "notification-url": "https://packagist.org/downloads/",
            "license": [
                "CC-BY"
            ],
            "authors": [
                {
                    "name": "Torleif Berger",
                    "email": "torleif@outlook.com",
                    "homepage": "http://www.geekality.net",
                    "role": "Developer"
                }
            ],
            "description": "Simple class for logging time and memory usage of stuff",
            "homepage": "https://github.com/Svish/TimerPHP",
            "keywords": [
                "benchmark",
                "benchmarking",
                "statistics",
                "timer"
            ],
            "time": "2013-05-15 06:29:33"
        },
        {
            "name": "geekality/transposer",
            "version": "v1.5",
            "source": {
                "type": "git",
                "url": "https://github.com/Svish/Transposer.git",
                "reference": "v1.5"
            },
            "dist": {
                "type": "zip",
                "url": "https://api.github.com/repos/Svish/Transposer/zipball/v1.5",
                "reference": "v1.5",
                "shasum": ""
            },
            "require": {
                "php": ">=5.3.0"
            },
            "suggest": {
                "geekality/timer": "Tracks time and memory usage while transposing."
            },
            "type": "library",
            "autoload": {
                "psr-0": {
                    "Geekality": "src/"
                }
            },
            "notification-url": "https://packagist.org/downloads/",
            "license": [
                "CC-BY"
            ],
            "authors": [
                {
                    "name": "Torleif Berger",
                    "email": "torleif@outlook.com",
                    "homepage": "http://www.geekality.net",
                    "role": "Developer"
                }
            ],
            "description": "Plain text song parser and chord transposer",
            "homepage": "https://github.com/Svish/Transposer",
            "keywords": [
                "chords",
                "key",
                "music",
                "transpose"
            ],
            "time": "2013-05-15 06:30:38"
        },
        {
            "name": "geekality/webframework",
            "version": "v1.1",
            "source": {
                "type": "git",
                "url": "https://github.com/Svish/php-webframework.git",
                "reference": "v1.1"
            },
            "dist": {
                "type": "zip",
                "url": "https://api.github.com/repos/Svish/php-webframework/zipball/v1.1",
                "reference": "v1.1",
                "shasum": ""
            },
            "require": {
                "bitworking/mimeparse": "2.*",
                "leafo/lessphp": "0.3.*",
                "mustache/mustache": "2.1.*",
                "php": ">=5.3.0"
            },
            "suggest": {
                "geekality/timer": "Tracks time and memory usage."
            },
            "type": "library",
            "autoload": {
                "psr-0": {
                    "": "src/"
                }
            },
            "license": [
                "CC-BY"
            ],
            "authors": [
                {
                    "name": "Torleif Berger",
                    "email": "torleif@outlook.com",
                    "homepage": "http://www.geekality.net",
                    "role": "Developer"
                }
            ],
            "description": "My homemade MVC framework using Mustache and Less",
            "homepage": "https://github.com/Svish/php-webframework",
            "keywords": [
                "framework",
                "less",
                "mustache",
                "mvc",
                "website"
            ],
            "support": {
                "issues": "https://github.com/Svish/php-webframework/issues",
                "source": "https://github.com/Svish/php-webframework/tree/v1.1"
            },
            "time": "2013-06-20 15:00:29"
        },
        {
            "name": "leafo/lessphp",
            "version": "v0.3.9",
            "source": {
                "type": "git",
                "url": "https://github.com/leafo/lessphp.git",
                "reference": "v0.3.9"
            },
            "dist": {
                "type": "zip",
                "url": "https://api.github.com/repos/leafo/lessphp/zipball/v0.3.9",
                "reference": "v0.3.9",
                "shasum": ""
            },
            "type": "library",
            "extra": {
                "branch-alias": {
                    "dev-master": "0.3-dev"
                }
            },
            "autoload": {
                "classmap": [
                    "lessc.inc.php"
                ]
            },
            "notification-url": "https://packagist.org/downloads/",
            "license": [
                "MIT",
                "GPL-3.0"
            ],
            "authors": [
                {
                    "name": "Leaf Corcoran",
                    "email": "leafot@gmail.com",
                    "homepage": "http://leafo.net"
                }
            ],
            "description": "lessphp is a compiler for LESS written in PHP.",
            "homepage": "http://leafo.net/lessphp/",
            "time": "2013-03-02 16:13:31"
        },
        {
            "name": "mustache/mustache",
            "version": "v2.1.0",
            "source": {
                "type": "git",
                "url": "https://github.com/bobthecow/mustache.php",
                "reference": "v2.1.0"
            },
            "dist": {
                "type": "zip",
                "url": "https://github.com/bobthecow/mustache.php/archive/v2.1.0.zip",
                "reference": "v2.1.0",
                "shasum": ""
            },
            "require": {
                "php": ">=5.2.4"
            },
            "type": "library",
            "autoload": {
                "psr-0": {
                    "Mustache": "src/"
                }
            },
            "notification-url": "https://packagist.org/downloads/",
            "license": [
                "MIT"
            ],
            "authors": [
                {
                    "name": "Justin Hileman",
                    "email": "justin@justinhileman.info",
                    "homepage": "http://justinhileman.com"
                }
            ],
            "description": "A Mustache implementation in PHP.",
            "homepage": "https://github.com/bobthecow/mustache.php",
            "keywords": [
                "mustache",
                "templating"
            ],
            "time": "2013-01-12 07:18:03"
        }
    ],
    "packages-dev": [

    ],
    "aliases": [

    ],
    "minimum-stability": "stable",
    "stability-flags": [

    ],
    "platform": [

    ],
    "platform-dev": [

    ]
}
